
Microsoft Visual Studio Solution File, Format Version 12.00
# Visual Studio Version 17
VisualStudioVersion = 17.0.31903.59
MinimumVisualStudioVersion = 10.0.40219.1
Project("{FAE04EC0-301F-11D3-BF4B-00C04F79EFBC}") = "Rebus.EntityFramework", "Rebus.EntityFramework\Rebus.EntityFramework.csproj", "{B9395F20-87C5-466B-AA15-81AE13E09069}"
EndProject
Global
	GlobalSection(SolutionConfigurationPlatforms) = preSolution
		Debug|Any CPU = Debug|Any CPU
		Release|Any CPU = Release|Any CPU
	EndGlobalSection
	GlobalSection(SolutionProperties) = preSolution
		HideSolutionNode = FALSE
	EndGlobalSection
	GlobalSection(ProjectConfigurationPlatforms) = postSolution
		{B9395F20-87C5-466B-AA15-81AE13E09069}.Debug|Any CPU.ActiveCfg = Debug|Any CPU
		{B9395F20-87C5-466B-AA15-81AE13E09069}.Debug|Any CPU.Build.0 = Debug|Any CPU
		{B9395F20-87C5-466B-AA15-81AE13E09069}.Release|Any CPU.ActiveCfg = Release|Any CPU
		{B9395F20-87C5-466B-AA15-81AE13E09069}.Release|Any CPU.Build.0 = Release|Any CPU
	EndGlobalSection
EndGlobal
